
Microsoft Visual Studio Solution File, Format Version 12.00
# Visual Studio Version 17
VisualStudioVersion = 17.4.33213.308
MinimumVisualStudioVersion = 10.0.40219.1
Project("{FAE04EC0-301F-11D3-BF4B-00C04F79EFBC}") = "Banco", "WpfApp1\Banco.csproj", "{36FD6DEC-8B52-4C00-860D-1277D412189B}"
EndProject
Global
	GlobalSection(SolutionConfigurationPlatforms) = preSolution
		Debug|Any CPU = Debug|Any CPU
		Release|Any CPU = Release|Any CPU
	EndGlobalSection
	GlobalSection(ProjectConfigurationPlatforms) = postSolution
		{36FD6DEC-8B52-4C00-860D-1277D412189B}.Debug|Any CPU.ActiveCfg = Debug|Any CPU
		{36FD6DEC-8B52-4C00-860D-1277D412189B}.Debug|Any CPU.Build.0 = Debug|Any CPU
		{36FD6DEC-8B52-4C00-860D-1277D412189B}.Release|Any CPU.ActiveCfg = Release|Any CPU
		{36FD6DEC-8B52-4C00-860D-1277D412189B}.Release|Any CPU.Build.0 = Release|Any CPU
	EndGlobalSection
	GlobalSection(SolutionProperties) = preSolution
		HideSolutionNode = FALSE
	EndGlobalSection
	GlobalSection(ExtensibilityGlobals) = postSolution
		SolutionGuid = {EE692FB0-E26E-47E9-994A-19AACC3C9769}
	EndGlobalSection
EndGlobal
